
Microsoft Visual Studio Solution File, Format Version 12.00
# Visual Studio Version 16
VisualStudioVersion = 16.0.29306.81
MinimumVisualStudioVersion = 10.0.40219.1
Project("{FAE04EC0-301F-11D3-BF4B-00C04F79EFBC}") = "calculadorapooo", "calculadorapooo\calculadorapooo.csproj", "{EAA15A48-2F36-4FC2-8382-030C88D37991}"
EndProject
Global
	GlobalSection(SolutionConfigurationPlatforms) = preSolution
		Debug|Any CPU = Debug|Any CPU
		Release|Any CPU = Release|Any CPU
	EndGlobalSection
	GlobalSection(ProjectConfigurationPlatforms) = postSolution
		{EAA15A48-2F36-4FC2-8382-030C88D37991}.Debug|Any CPU.ActiveCfg = Debug|Any CPU
		{EAA15A48-2F36-4FC2-8382-030C88D37991}.Debug|Any CPU.Build.0 = Debug|Any CPU
		{EAA15A48-2F36-4FC2-8382-030C88D37991}.Release|Any CPU.ActiveCfg = Release|Any CPU
		{EAA15A48-2F36-4FC2-8382-030C88D37991}.Release|Any CPU.Build.0 = Release|Any CPU
	EndGlobalSection
	GlobalSection(SolutionProperties) = preSolution
		HideSolutionNode = FALSE
	EndGlobalSection
	GlobalSection(ExtensibilityGlobals) = postSolution
		SolutionGuid = {F0CDDFC8-9CE0-4171-9E19-F5F4CB2216B4}
	EndGlobalSection
EndGlobal
